// !$*UTF8*$!
{
	archiveVersion = 1;
	classes = {
	};
	objectVersion = 51;
	objects = {

/* Begin PBXBuildFile section */
		02ADD3B79B13E9D54AA1E9A8 /* Pods_FlixApp_FlixAppUITests.framework in Frameworks */ = {isa = PBXBuildFile; fileRef = C9DC3C48B68B8D7802D2DFB3 /* Pods_FlixApp_FlixAppUITests.framework */; };
		101A0853BC261377655C7842 /* Pods_FlixAppTests.framework in Frameworks */ = {isa = PBXBuildFile; fileRef = EE2C9E660329F70069BE378B /* Pods_FlixAppTests.framework */; };
		652F69F8250DADEF007444D8 /* MovieDetailsViewController.swift in Sources */ = {isa = PBXBuildFile; fileRef = 652F69F7250DADEF007444D8 /* MovieDetailsViewController.swift */; };
		652F69FA250DBA81007444D8 /* MovieGridViewController.swift in Sources */ = {isa = PBXBuildFile; fileRef = 652F69F9250DBA81007444D8 /* MovieGridViewController.swift */; };
		652F69FC250DCD3E007444D8 /* MovieGridCollectionViewCell.swift in Sources */ = {isa = PBXBuildFile; fileRef = 652F69FB250DCD3E007444D8 /* MovieGridCollectionViewCell.swift */; };
		6539A3432501971900591C5C /* MovieCell.swift in Sources */ = {isa = PBXBuildFile; fileRef = 6539A3422501971900591C5C /* MovieCell.swift */; };
		6569691B24FEF31D00898B5C /* AppDelegate.swift in Sources */ = {isa = PBXBuildFile; fileRef = 6569691A24FEF31D00898B5C /* AppDelegate.swift */; };
		6569691D24FEF31D00898B5C /* SceneDelegate.swift in Sources */ = {isa = PBXBuildFile; fileRef = 6569691C24FEF31D00898B5C /* SceneDelegate.swift */; };
		6569691F24FEF31D00898B5C /* ViewController.swift in Sources */ = {isa = PBXBuildFile; fileRef = 6569691E24FEF31D00898B5C /* ViewController.swift */; };
		6569692224FEF31D00898B5C /* Main.storyboard in Resources */ = {isa = PBXBuildFile; fileRef = 6569692024FEF31D00898B5C /* Main.storyboard */; };
		6569692424FEF32300898B5C /* Assets.xcassets in Resources */ = {isa = PBXBuildFile; fileRef = 6569692324FEF32300898B5C /* Assets.xcassets */; };
		6569692724FEF32300898B5C /* LaunchScreen.storyboard in Resources */ = {isa = PBXBuildFile; fileRef = 6569692524FEF32300898B5C /* LaunchScreen.storyboard */; };
		6569693224FEF32300898B5C /* FlixAppTests.swift in Sources */ = {isa = PBXBuildFile; fileRef = 6569693124FEF32300898B5C /* FlixAppTests.swift */; };
		6569693D24FEF32300898B5C /* FlixAppUITests.swift in Sources */ = {isa = PBXBuildFile; fileRef = 6569693C24FEF32300898B5C /* FlixAppUITests.swift */; };
		6569694B24FEF6FC00898B5C /* MoviesViewController.swift in Sources */ = {isa = PBXBuildFile; fileRef = 6569694A24FEF6FC00898B5C /* MoviesViewController.swift */; };
		F99288408AC3D6CABCE552C5 /* Pods_FlixApp.framework in Frameworks */ = {isa = PBXBuildFile; fileRef = 6406B9CF3E481304DFB26EA1 /* Pods_FlixApp.framework */; };
/* End PBXBuildFile section */

/* Begin PBXContainerItemProxy section */
		6569692E24FEF32300898B5C /* PBXContainerItemProxy */ = {
			isa = PBXContainerItemProxy;
			containerPortal = 6569690F24FEF31D00898B5C /* Project object */;
			proxyType = 1;
			remoteGlobalIDString = 6569691624FEF31D00898B5C;
			remoteInfo = FlixApp;
		};
		6569693924FEF32300898B5C /* PBXContainerItemProxy */ = {
			isa = PBXContainerItemProxy;
			containerPortal = 6569690F24FEF31D00898B5C /* Project object */;
			proxyType = 1;
			remoteGlobalIDString = 6569691624FEF31D00898B5C;
			remoteInfo = FlixApp;
		};
/* End PBXContainerItemProxy section */

/* Begin PBXFileReference section */
		182C5BC2FF0BC73109B811D7 /* Pods-FlixAppTests.debug.xcconfig */ = {isa = PBXFileReference; includeInIndex = 1; lastKnownFileType = text.xcconfig; name = "Pods-FlixAppTests.debug.xcconfig"; path = "Target Support Files/Pods-FlixAppTests/Pods-FlixAppTests.debug.xcconfig"; sourceTree = "<group>"; };
		417607ADEA34C2C8003001A8 /* Pods-FlixApp.debug.xcconfig */ = {isa = PBXFileReference; includeInIndex = 1; lastKnownFileType = text.xcconfig; name = "Pods-FlixApp.debug.xcconfig"; path = "Target Support Files/Pods-FlixApp/Pods-FlixApp.debug.xcconfig"; sourceTree = "<group>"; };
		6248241008B6B768B9CB66BC /* Pods-FlixApp-FlixAppUITests.debug.xcconfig */ = {isa = PBXFileReference; includeInIndex = 1; lastKnownFileType = text.xcconfig; name = "Pods-FlixApp-FlixAppUITests.debug.xcconfig"; path = "Target Support Files/Pods-FlixApp-FlixAppUITests/Pods-FlixApp-FlixAppUITests.debug.xcconfig"; sourceTree = "<group>"; };
		6406B9CF3E481304DFB26EA1 /* Pods_FlixApp.framework */ = {isa = PBXFileReference; explicitFileType = wrapper.framework; includeInIndex = 0; path = Pods_FlixApp.framework; sourceTree = BUILT_PRODUCTS_DIR; };
		652F69F7250DADEF007444D8 /* MovieDetailsViewController.swift */ = {isa = PBXFileReference; lastKnownFileType = sourcecode.swift; path = MovieDetailsViewController.swift; sourceTree = "<group>"; };
		652F69F9250DBA81007444D8 /* MovieGridViewController.swift */ = {isa = PBXFileReference; lastKnownFileType = sourcecode.swift; path = MovieGridViewController.swift; sourceTree = "<group>"; };
		652F69FB250DCD3E007444D8 /* MovieGridCollectionViewCell.swift */ = {isa = PBXFileReference; lastKnownFileType = sourcecode.swift; path = MovieGridCollectionViewCell.swift; sourceTree = "<group>"; };
		6539A3422501971900591C5C /* MovieCell.swift */ = {isa = PBXFileReference; lastKnownFileType = sourcecode.swift; path = MovieCell.swift; sourceTree = "<group>"; };
		6569691724FEF31D00898B5C /* FlixApp.app */ = {isa = PBXFileReference; explicitFileType = wrapper.application; includeInIndex = 0; path = FlixApp.app; sourceTree = BUILT_PRODUCTS_DIR; };
		6569691A24FEF31D00898B5C /* AppDelegate.swift */ = {isa = PBXFileReference; lastKnownFileType = sourcecode.swift; path = AppDelegate.swift; sourceTree = "<group>"; };
		6569691C24FEF31D00898B5C /* SceneDelegate.swift */ = {isa = PBXFileReference; lastKnownFileType = sourcecode.swift; path = SceneDelegate.swift; sourceTree = "<group>"; };
		6569691E24FEF31D00898B5C /* ViewController.swift */ = {isa = PBXFileReference; lastKnownFileType = sourcecode.swift; path = ViewController.swift; sourceTree = "<group>"; };
		6569692124FEF31D00898B5C /* Base */ = {isa = PBXFileReference; lastKnownFileType = file.storyboard; name = Base; path = Base.lproj/Main.storyboard; sourceTree = "<group>"; };
		6569692324FEF32300898B5C /* Assets.xcassets */ = {isa = PBXFileReference; lastKnownFileType = folder.assetcatalog; path = Assets.xcassets; sourceTree = "<group>"; };
		6569692624FEF32300898B5C /* Base */ = {isa = PBXFileReference; lastKnownFileType = file.storyboard; name = Base; path = Base.lproj/LaunchScreen.storyboard; sourceTree = "<group>"; };
		6569692824FEF32300898B5C /* Info.plist */ = {isa = PBXFileReference; lastKnownFileType = text.plist.xml; path = Info.plist; sourceTree = "<group>"; };
		6569692D24FEF32300898B5C /* FlixAppTests.xctest */ = {isa = PBXFileReference; explicitFileType = wrapper.cfbundle; includeInIndex = 0; path = FlixAppTests.xctest; sourceTree = BUILT_PRODUCTS_DIR; };
		6569693124FEF32300898B5C /* FlixAppTests.swift */ = {isa = PBXFileReference; lastKnownFileType = sourcecode.swift; path = FlixAppTests.swift; sourceTree = "<group>"; };
		6569693324FEF32300898B5C /* Info.plist */ = {isa = PBXFileReference; lastKnownFileType = text.plist.xml; path = Info.plist; sourceTree = "<group>"; };
		6569693824FEF32300898B5C /* FlixAppUITests.xctest */ = {isa = PBXFileReference; explicitFileType = wrapper.cfbundle; includeInIndex = 0; path = FlixAppUITests.xctest; sourceTree = BUILT_PRODUCTS_DIR; };
		6569693C24FEF32300898B5C /* FlixAppUITests.swift */ = {isa = PBXFileReference; lastKnownFileType = sourcecode.swift; path = FlixAppUITests.swift; sourceTree = "<group>"; };
		6569693E24FEF32300898B5C /* Info.plist */ = {isa = PBXFileReference; lastKnownFileType = text.plist.xml; path = Info.plist; sourceTree = "<group>"; };
		6569694A24FEF6FC00898B5C /* MoviesViewController.swift */ = {isa = PBXFileReference; lastKnownFileType = sourcecode.swift; path = MoviesViewController.swift; sourceTree = "<group>"; };
		80469A29BE703CD77438A452 /* Pods-FlixAppTests.release.xcconfig */ = {isa = PBXFileReference; includeInIndex = 1; lastKnownFileType = text.xcconfig; name = "Pods-FlixAppTests.release.xcconfig"; path = "Target Support Files/Pods-FlixAppTests/Pods-FlixAppTests.release.xcconfig"; sourceTree = "<group>"; };
		8E3ED82F535DFA982E3F5F0A /* Pods-FlixApp-FlixAppUITests.release.xcconfig */ = {isa = PBXFileReference; includeInIndex = 1; lastKnownFileType = text.xcconfig; name = "Pods-FlixApp-FlixAppUITests.release.xcconfig"; path = "Target Support Files/Pods-FlixApp-FlixAppUITests/Pods-FlixApp-FlixAppUITests.release.xcconfig"; sourceTree = "<group>"; };
		C9DC3C48B68B8D7802D2DFB3 /* Pods_FlixApp_FlixAppUITests.framework */ = {isa = PBXFileReference; explicitFileType = wrapper.framework; includeInIndex = 0; path = Pods_FlixApp_FlixAppUITests.framework; sourceTree = BUILT_PRODUCTS_DIR; };
		E104EABAA883CCD4454175F9 /* Pods-FlixApp.release.xcconfig */ = {isa = PBXFileReference; includeInIndex = 1; lastKnownFileType = text.xcconfig; name = "Pods-FlixApp.release.xcconfig"; path = "Target Support Files/Pods-FlixApp/Pods-FlixApp.release.xcconfig"; sourceTree = "<group>"; };
		EE2C9E660329F70069BE378B /* Pods_FlixAppTests.framework */ = {isa = PBXFileReference; explicitFileType = wrapper.framework; includeInIndex = 0; path = Pods_FlixAppTests.framework; sourceTree = BUILT_PRODUCTS_DIR; };
/* End PBXFileReference section */

/* Begin PBXFrameworksBuildPhase section */
		6569691424FEF31D00898B5C /* Frameworks */ = {
			isa = PBXFrameworksBuildPhase;
			buildActionMask = 2147483647;
			files = (
				F99288408AC3D6CABCE552C5 /* Pods_FlixApp.framework in Frameworks */,
			);
			runOnlyForDeploymentPostprocessing = 0;
		};
		6569692A24FEF32300898B5C /* Frameworks */ = {
			isa = PBXFrameworksBuildPhase;
			buildActionMask = 2147483647;
			files = (
				101A0853BC261377655C7842 /* Pods_FlixAppTests.framework in Frameworks */,
			);
			runOnlyForDeploymentPostprocessing = 0;
		};
		6569693524FEF32300898B5C /* Frameworks */ = {
			isa = PBXFrameworksBuildPhase;
			buildActionMask = 2147483647;
			files = (
				02ADD3B79B13E9D54AA1E9A8 /* Pods_FlixApp_FlixAppUITests.framework in Frameworks */,
			);
			runOnlyForDeploymentPostprocessing = 0;
		};
/* End PBXFrameworksBuildPhase section */

/* Begin PBXGroup section */
		6569690E24FEF31D00898B5C = {
			isa = PBXGroup;
			children = (
				6569691924FEF31D00898B5C /* FlixApp */,
				6569693024FEF32300898B5C /* FlixAppTests */,
				6569693B24FEF32300898B5C /* FlixAppUITests */,
				6569691824FEF31D00898B5C /* Products */,
				C2F7E6CCC6BDE700917D56CB /* Pods */,
				FF25430DA184C23FD5B64094 /* Frameworks */,
			);
			sourceTree = "<group>";
		};
		6569691824FEF31D00898B5C /* Products */ = {
			isa = PBXGroup;
			children = (
				6569691724FEF31D00898B5C /* FlixApp.app */,
				6569692D24FEF32300898B5C /* FlixAppTests.xctest */,
				6569693824FEF32300898B5C /* FlixAppUITests.xctest */,
			);
			name = Products;
			sourceTree = "<group>";
		};
		6569691924FEF31D00898B5C /* FlixApp */ = {
			isa = PBXGroup;
			children = (
				6569691A24FEF31D00898B5C /* AppDelegate.swift */,
				6569691C24FEF31D00898B5C /* SceneDelegate.swift */,
				6569691E24FEF31D00898B5C /* ViewController.swift */,
				6569694A24FEF6FC00898B5C /* MoviesViewController.swift */,
				6539A3422501971900591C5C /* MovieCell.swift */,
				6569692024FEF31D00898B5C /* Main.storyboard */,
				652F69FB250DCD3E007444D8 /* MovieGridCollectionViewCell.swift */,
				652F69F9250DBA81007444D8 /* MovieGridViewController.swift */,
				652F69F7250DADEF007444D8 /* MovieDetailsViewController.swift */,
				6569692324FEF32300898B5C /* Assets.xcassets */,
				6569692524FEF32300898B5C /* LaunchScreen.storyboard */,
				6569692824FEF32300898B5C /* Info.plist */,
			);
			path = FlixApp;
			sourceTree = "<group>";
		};
		6569693024FEF32300898B5C /* FlixAppTests */ = {
			isa = PBXGroup;
			children = (
				6569693124FEF32300898B5C /* FlixAppTests.swift */,
				6569693324FEF32300898B5C /* Info.plist */,
			);
			path = FlixAppTests;
			sourceTree = "<group>";
		};
		6569693B24FEF32300898B5C /* FlixAppUITests */ = {
			isa = PBXGroup;
			children = (
				6569693C24FEF32300898B5C /* FlixAppUITests.swift */,
				6569693E24FEF32300898B5C /* Info.plist */,
			);
			path = FlixAppUITests;
			sourceTree = "<group>";
		};
		C2F7E6CCC6BDE700917D56CB /* Pods */ = {
			isa = PBXGroup;
			children = (
				417607ADEA34C2C8003001A8 /* Pods-FlixApp.debug.xcconfig */,
				E104EABAA883CCD4454175F9 /* Pods-FlixApp.release.xcconfig */,
				6248241008B6B768B9CB66BC /* Pods-FlixApp-FlixAppUITests.debug.xcconfig */,
				8E3ED82F535DFA982E3F5F0A /* Pods-FlixApp-FlixAppUITests.release.xcconfig */,
				182C5BC2FF0BC73109B811D7 /* Pods-FlixAppTests.debug.xcconfig */,
				80469A29BE703CD77438A452 /* Pods-FlixAppTests.release.xcconfig */,
			);
			path = Pods;
			sourceTree = "<group>";
		};
		FF25430DA184C23FD5B64094 /* Frameworks */ = {
			isa = PBXGroup;
			children = (
				6406B9CF3E481304DFB26EA1 /* Pods_FlixApp.framework */,
				C9DC3C48B68B8D7802D2DFB3 /* Pods_FlixApp_FlixAppUITests.framework */,
				EE2C9E660329F70069BE378B /* Pods_FlixAppTests.framework */,
			);
			name = Frameworks;
			sourceTree = "<group>";
		};
/* End PBXGroup section */

/* Begin PBXNativeTarget section */
		6569691624FEF31D00898B5C /* FlixApp */ = {
			isa = PBXNativeTarget;
			buildConfigurationList = 6569694124FEF32300898B5C /* Build configuration list for PBXNativeTarget "FlixApp" */;
			buildPhases = (
				9C30AEF4CBC74C97EC9611C6 /* [CP] Check Pods Manifest.lock */,
				6569691324FEF31D00898B5C /* Sources */,
				6569691424FEF31D00898B5C /* Frameworks */,
				6569691524FEF31D00898B5C /* Resources */,
				98EDAD8956365480FE77CDC4 /* [CP] Embed Pods Frameworks */,
			);
			buildRules = (
			);
			dependencies = (
			);
			name = FlixApp;
			productName = FlixApp;
			productReference = 6569691724FEF31D00898B5C /* FlixApp.app */;
			productType = "com.apple.product-type.application";
		};
		6569692C24FEF32300898B5C /* FlixAppTests */ = {
			isa = PBXNativeTarget;
			buildConfigurationList = 6569694424FEF32300898B5C /* Build configuration list for PBXNativeTarget "FlixAppTests" */;
			buildPhases = (
				D92969ECB7B287BD99CFD77D /* [CP] Check Pods Manifest.lock */,
				6569692924FEF32300898B5C /* Sources */,
				6569692A24FEF32300898B5C /* Frameworks */,
				6569692B24FEF32300898B5C /* Resources */,
			);
			buildRules = (
			);
			dependencies = (
				6569692F24FEF32300898B5C /* PBXTargetDependency */,
			);
			name = FlixAppTests;
			productName = FlixAppTests;
			productReference = 6569692D24FEF32300898B5C /* FlixAppTests.xctest */;
			productType = "com.apple.product-type.bundle.unit-test";
		};
		6569693724FEF32300898B5C /* FlixAppUITests */ = {
			isa = PBXNativeTarget;
			buildConfigurationList = 6569694724FEF32300898B5C /* Build configuration list for PBXNativeTarget "FlixAppUITests" */;
			buildPhases = (
				FFE5A47F534046638D766776 /* [CP] Check Pods Manifest.lock */,
				6569693424FEF32300898B5C /* Sources */,
				6569693524FEF32300898B5C /* Frameworks */,
				6569693624FEF32300898B5C /* Resources */,
				615CEB9BFD7603A7845BC6C2 /* [CP] Embed Pods Frameworks */,
			);
			buildRules = (
			);
			dependencies = (
				6569693A24FEF32300898B5C /* PBXTargetDependency */,
			);
			name = FlixAppUITests;
			productName = FlixAppUITests;
			productReference = 6569693824FEF32300898B5C /* FlixAppUITests.xctest */;
			productType = "com.apple.product-type.bundle.ui-testing";
		};
/* End PBXNativeTarget section */

/* Begin PBXProject section */
		6569690F24FEF31D00898B5C /* Project object */ = {
			isa = PBXProject;
			attributes = {
				LastSwiftUpdateCheck = 1160;
				LastUpgradeCheck = 1160;
				ORGANIZATIONNAME = "Andre Guiraud";
				TargetAttributes = {
					6569691624FEF31D00898B5C = {
						CreatedOnToolsVersion = 11.6;
					};
					6569692C24FEF32300898B5C = {
						CreatedOnToolsVersion = 11.6;
						TestTargetID = 6569691624FEF31D00898B5C;
					};
					6569693724FEF32300898B5C = {
						CreatedOnToolsVersion = 11.6;
						TestTargetID = 6569691624FEF31D00898B5C;
					};
				};
			};
			buildConfigurationList = 6569691224FEF31D00898B5C /* Build configuration list for PBXProject "FlixApp" */;
			compatibilityVersion = "Xcode 9.3";
			developmentRegion = en;
			hasScannedForEncodings = 0;
			knownRegions = (
				en,
				Base,
			);
			mainGroup = 6569690E24FEF31D00898B5C;
			productRefGroup = 6569691824FEF31D00898B5C /* Products */;
			projectDirPath = "";
			projectRoot = "";
			targets = (
				6569691624FEF31D00898B5C /* FlixApp */,
				6569692C24FEF32300898B5C /* FlixAppTests */,
				6569693724FEF32300898B5C /* FlixAppUITests */,
			);
		};
/* End PBXProject section */

/* Begin PBXResourcesBuildPhase section */
		6569691524FEF31D00898B5C /* Resources */ = {
			isa = PBXResourcesBuildPhase;
			buildActionMask = 2147483647;
			files = (
				6569692724FEF32300898B5C /* LaunchScreen.storyboard in Resources */,
				6569692424FEF32300898B5C /* Assets.xcassets in Resources */,
				6569692224FEF31D00898B5C /* Main.storyboard in Resources */,
			);
			runOnlyForDeploymentPostprocessing = 0;
		};
		6569692B24FEF32300898B5C /* Resources */ = {
			isa = PBXResourcesBuildPhase;
			buildActionMask = 2147483647;
			files = (
			);
			runOnlyForDeploymentPostprocessing = 0;
		};
		6569693624FEF32300898B5C /* Resources */ = {
			isa = PBXResourcesBuildPhase;
			buildActionMask = 2147483647;
			files = (
			);
			runOnlyForDeploymentPostprocessing = 0;
		};
/* End PBXResourcesBuildPhase section */

/* Begin PBXShellScriptBuildPhase section */
		615CEB9BFD7603A7845BC6C2 /* [CP] Embed Pods Frameworks */ = {
			isa = PBXShellScriptBuildPhase;
			buildActionMask = 2147483647;
			files = (
			);
			inputFileListPaths = (
				"${PODS_ROOT}/Target Support Files/Pods-FlixApp-FlixAppUITests/Pods-FlixApp-FlixAppUITests-frameworks-${CONFIGURATION}-input-files.xcfilelist",
			);
			name = "[CP] Embed Pods Frameworks";
			outputFileListPaths = (
				"${PODS_ROOT}/Target Support Files/Pods-FlixApp-FlixAppUITests/Pods-FlixApp-FlixAppUITests-frameworks-${CONFIGURATION}-output-files.xcfilelist",
			);
			runOnlyForDeploymentPostprocessing = 0;
			shellPath = /bin/sh;
			shellScript = "\"${PODS_ROOT}/Target Support Files/Pods-FlixApp-FlixAppUITests/Pods-FlixApp-FlixAppUITests-frameworks.sh\"\n";
			showEnvVarsInLog = 0;
		};
		98EDAD8956365480FE77CDC4 /* [CP] Embed Pods Frameworks */ = {
			isa = PBXShellScriptBuildPhase;
			buildActionMask = 2147483647;
			files = (
			);
			inputFileListPaths = (
				"${PODS_ROOT}/Target Support Files/Pods-FlixApp/Pods-FlixApp-frameworks-${CONFIGURATION}-input-files.xcfilelist",
			);
			name = "[CP] Embed Pods Frameworks";
			outputFileListPaths = (
				"${PODS_ROOT}/Target Support Files/Pods-FlixApp/Pods-FlixApp-frameworks-${CONFIGURATION}-output-files.xcfilelist",
			);
			runOnlyForDeploymentPostprocessing = 0;
			shellPath = /bin/sh;
			shellScript = "\"${PODS_ROOT}/Target Support Files/Pods-FlixApp/Pods-FlixApp-frameworks.sh\"\n";
			showEnvVarsInLog = 0;
		};
		9C30AEF4CBC74C97EC9611C6 /* [CP] Check Pods Manifest.lock */ = {
			isa = PBXShellScriptBuildPhase;
			buildActionMask = 2147483647;
			files = (
			);
			inputFileListPaths = (
			);
			inputPaths = (
				"${PODS_PODFILE_DIR_PATH}/Podfile.lock",
				"${PODS_ROOT}/Manifest.lock",
			);
			name = "[CP] Check Pods Manifest.lock";
			outputFileListPaths = (
			);
			outputPaths = (
				"$(DERIVED_FILE_DIR)/Pods-FlixApp-checkManifestLockResult.txt",
			);
			runOnlyForDeploymentPostprocessing = 0;
			shellPath = /bin/sh;
			shellScript = "diff \"${PODS_PODFILE_DIR_PATH}/Podfile.lock\" \"${PODS_ROOT}/Manifest.lock\" > /dev/null\nif [ $? != 0 ] ; then\n    # print error to STDERR\n    echo \"error: The sandbox is not in sync with the Podfile.lock. Run 'pod install' or update your CocoaPods installation.\" >&2\n    exit 1\nfi\n# This output is used by Xcode 'outputs' to avoid re-running this script phase.\necho \"SUCCESS\" > \"${SCRIPT_OUTPUT_FILE_0}\"\n";
			showEnvVarsInLog = 0;
		};
		D92969ECB7B287BD99CFD77D /* [CP] Check Pods Manifest.lock */ = {
			isa = PBXShellScriptBuildPhase;
			buildActionMask = 2147483647;
			files = (
			);
			inputFileListPaths = (
			);
			inputPaths = (
				"${PODS_PODFILE_DIR_PATH}/Podfile.lock",
				"${PODS_ROOT}/Manifest.lock",
			);
			name = "[CP] Check Pods Manifest.lock";
			outputFileListPaths = (
			);
			outputPaths = (
				"$(DERIVED_FILE_DIR)/Pods-FlixAppTests-checkManifestLockResult.txt",
			);
			runOnlyForDeploymentPostprocessing = 0;
			shellPath = /bin/sh;
			shellScript = "diff \"${PODS_PODFILE_DIR_PATH}/Podfile.lock\" \"${PODS_ROOT}/Manifest.lock\" > /dev/null\nif [ $? != 0 ] ; then\n    # print error to STDERR\n    echo \"error: The sandbox is not in sync with the Podfile.lock. Run 'pod install' or update your CocoaPods installation.\" >&2\n    exit 1\nfi\n# This output is used by Xcode 'outputs' to avoid re-running this script phase.\necho \"SUCCESS\" > \"${SCRIPT_OUTPUT_FILE_0}\"\n";
			showEnvVarsInLog = 0;
		};
		FFE5A47F534046638D766776 /* [CP] Check Pods Manifest.lock */ = {
			isa = PBXShellScriptBuildPhase;
			buildActionMask = 2147483647;
			files = (
			);
			inputFileListPaths = (
			);
			inputPaths = (
				"${PODS_PODFILE_DIR_PATH}/Podfile.lock",
				"${PODS_ROOT}/Manifest.lock",
			);
			name = "[CP] Check Pods Manifest.lock";
			outputFileListPaths = (
			);
			outputPaths = (
				"$(DERIVED_FILE_DIR)/Pods-FlixApp-FlixAppUITests-checkManifestLockResult.txt",
			);
			runOnlyForDeploymentPostprocessing = 0;
			shellPath = /bin/sh;
			shellScript = "diff \"${PODS_PODFILE_DIR_PATH}/Podfile.lock\" \"${PODS_ROOT}/Manifest.lock\" > /dev/null\nif [ $? != 0 ] ; then\n    # print error to STDERR\n    echo \"error: The sandbox is not in sync with the Podfile.lock. Run 'pod install' or update your CocoaPods installation.\" >&2\n    exit 1\nfi\n# This output is used by Xcode 'outputs' to avoid re-running this script phase.\necho \"SUCCESS\" > \"${SCRIPT_OUTPUT_FILE_0}\"\n";
			showEnvVarsInLog = 0;
		};
/* End PBXShellScriptBuildPhase section */

/* Begin PBXSourcesBuildPhase section */
		6569691324FEF31D00898B5C /* Sources */ = {
			isa = PBXSourcesBuildPhase;
			buildActionMask = 2147483647;
			files = (
				6569691F24FEF31D00898B5C /* ViewController.swift in Sources */,
				6569691B24FEF31D00898B5C /* AppDelegate.swift in Sources */,
				652F69F8250DADEF007444D8 /* MovieDetailsViewController.swift in Sources */,
				652F69FC250DCD3E007444D8 /* MovieGridCollectionViewCell.swift in Sources */,
				652F69FA250DBA81007444D8 /* MovieGridViewController.swift in Sources */,
				6569691D24FEF31D00898B5C /* SceneDelegate.swift in Sources */,
				6539A3432501971900591C5C /* MovieCell.swift in Sources */,
				6569694B24FEF6FC00898B5C /* MoviesViewController.swift in Sources */,
			);
			runOnlyForDeploymentPostprocessing = 0;
		};
		6569692924FEF32300898B5C /* Sources */ = {
			isa = PBXSourcesBuildPhase;
			buildActionMask = 2147483647;
			files = (
				6569693224FEF32300898B5C /* FlixAppTests.swift in Sources */,
			);
			runOnlyForDeploymentPostprocessing = 0;
		};
		6569693424FEF32300898B5C /* Sources */ = {
			isa = PBXSourcesBuildPhase;
			buildActionMask = 2147483647;
			files = (
				6569693D24FEF32300898B5C /* FlixAppUITests.swift in Sources */,
			);
			runOnlyForDeploymentPostprocessing = 0;
		};
/* End PBXSourcesBuildPhase section */

/* Begin PBXTargetDependency section */
		6569692F24FEF32300898B5C /* PBXTargetDependency */ = {
			isa = PBXTargetDependency;
			target = 6569691624FEF31D00898B5C /* FlixApp */;
			targetProxy = 6569692E24FEF32300898B5C /* PBXContainerItemProxy */;
		};
		6569693A24FEF32300898B5C /* PBXTargetDependency */ = {
			isa = PBXTargetDependency;
			target = 6569691624FEF31D00898B5C /* FlixApp */;
			targetProxy = 6569693924FEF32300898B5C /* PBXContainerItemProxy */;
		};
/* End PBXTargetDependency section */

/* Begin PBXVariantGroup section */
		6569692024FEF31D00898B5C /* Main.storyboard */ = {
			isa = PBXVariantGroup;
			children = (
				6569692124FEF31D00898B5C /* Base */,
			);
			name = Main.storyboard;
			sourceTree = "<group>";
		};
		6569692524FEF32300898B5C /* LaunchScreen.storyboard */ = {
			isa = PBXVariantGroup;
			children = (
				6569692624FEF32300898B5C /* Base */,
			);
			name = LaunchScreen.storyboard;
			sourceTree = "<group>";
		};
/* End PBXVariantGroup section */

/* Begin XCBuildConfiguration section */
		6569693F24FEF32300898B5C /* Debug */ = {
			isa = XCBuildConfiguration;
			buildSettings = {
				ALWAYS_SEARCH_USER_PATHS = NO;
				CLANG_ANALYZER_NONNULL = YES;
				CLANG_ANALYZER_NUMBER_OBJECT_CONVERSION = YES_AGGRESSIVE;
				CLANG_CXX_LANGUAGE_STANDARD = "gnu++14";
				CLANG_CXX_LIBRARY = "libc++";
				CLANG_ENABLE_MODULES = YES;
				CLANG_ENABLE_OBJC_ARC = YES;
				CLANG_ENABLE_OBJC_WEAK = YES;
				CLANG_WARN_BLOCK_CAPTURE_AUTORELEASING = YES;
				CLANG_WARN_BOOL_CONVERSION = YES;
				CLANG_WARN_COMMA = YES;
				CLANG_WARN_CONSTANT_CONVERSION = YES;
				CLANG_WARN_DEPRECATED_OBJC_IMPLEMENTATIONS = YES;
				CLANG_WARN_DIRECT_OBJC_ISA_USAGE = YES_ERROR;
				CLANG_WARN_DOCUMENTATION_COMMENTS = YES;
				CLANG_WARN_EMPTY_BODY = YES;
				CLANG_WARN_ENUM_CONVERSION = YES;
				CLANG_WARN_INFINITE_RECURSION = YES;
				CLANG_WARN_INT_CONVERSION = YES;
				CLANG_WARN_NON_LITERAL_NULL_CONVERSION = YES;
				CLANG_WARN_OBJC_IMPLICIT_RETAIN_SELF = YES;
				CLANG_WARN_OBJC_LITERAL_CONVERSION = YES;
				CLANG_WARN_OBJC_ROOT_CLASS = YES_ERROR;
				CLANG_WARN_RANGE_LOOP_ANALYSIS = YES;
				CLANG_WARN_STRICT_PROTOTYPES = YES;
				CLANG_WARN_SUSPICIOUS_MOVE = YES;
				CLANG_WARN_UNGUARDED_AVAILABILITY = YES_AGGRESSIVE;
				CLANG_WARN_UNREACHABLE_CODE = YES;
				CLANG_WARN__DUPLICATE_METHOD_MATCH = YES;
				COPY_PHASE_STRIP = NO;
				DEBUG_INFORMATION_FORMAT = dwarf;
				ENABLE_STRICT_OBJC_MSGSEND = YES;
				ENABLE_TESTABILITY = YES;
				GCC_C_LANGUAGE_STANDARD = gnu11;
				GCC_DYNAMIC_NO_PIC = NO;
				GCC_NO_COMMON_BLOCKS = YES;
				GCC_OPTIMIZATION_LEVEL = 0;
				GCC_PREPROCESSOR_DEFINITIONS = (
					"DEBUG=1",
					"$(inherited)",
				);
				GCC_WARN_64_TO_32_BIT_CONVERSION = YES;
				GCC_WARN_ABOUT_RETURN_TYPE = YES_ERROR;
				GCC_WARN_UNDECLARED_SELECTOR = YES;
				GCC_WARN_UNINITIALIZED_AUTOS = YES_AGGRESSIVE;
				GCC_WARN_UNUSED_FUNCTION = YES;
				GCC_WARN_UNUSED_VARIABLE = YES;
				IPHONEOS_DEPLOYMENT_TARGET = 13.6;
				MTL_ENABLE_DEBUG_INFO = INCLUDE_SOURCE;
				MTL_FAST_MATH = YES;
				ONLY_ACTIVE_ARCH = YES;
				SDKROOT = iphoneos;
				SWIFT_ACTIVE_COMPILATION_CONDITIONS = DEBUG;
				SWIFT_OPTIMIZATION_LEVEL = "-Onone";
			};
			name = Debug;
		};
		6569694024FEF32300898B5C /* Release */ = {
			isa = XCBuildConfiguration;
			buildSettings = {
				ALWAYS_SEARCH_USER_PATHS = NO;
				CLANG_ANALYZER_NONNULL = YES;
				CLANG_ANALYZER_NUMBER_OBJECT_CONVERSION = YES_AGGRESSIVE;
				CLANG_CXX_LANGUAGE_STANDARD = "gnu++14";
				CLANG_CXX_LIBRARY = "libc++";
				CLANG_ENABLE_MODULES = YES;
				CLANG_ENABLE_OBJC_ARC = YES;
				CLANG_ENABLE_OBJC_WEAK = YES;
				CLANG_WARN_BLOCK_CAPTURE_AUTORELEASING = YES;
				CLANG_WARN_BOOL_CONVERSION = YES;
				CLANG_WARN_COMMA = YES;
				CLANG_WARN_CONSTANT_CONVERSION = YES;
				CLANG_WARN_DEPRECATED_OBJC_IMPLEMENTATIONS = YES;
				CLANG_WARN_DIRECT_OBJC_ISA_USAGE = YES_ERROR;
				CLANG_WARN_DOCUMENTATION_COMMENTS = YES;
				CLANG_WARN_EMPTY_BODY = YES;
				CLANG_WARN_ENUM_CONVERSION = YES;
				CLANG_WARN_INFINITE_RECURSION = YES;
				CLANG_WARN_INT_CONVERSION = YES;
				CLANG_WARN_NON_LITERAL_NULL_CONVERSION = YES;
				CLANG_WARN_OBJC_IMPLICIT_RETAIN_SELF = YES;
				CLANG_WARN_OBJC_LITERAL_CONVERSION = YES;
				CLANG_WARN_OBJC_ROOT_CLASS = YES_ERROR;
				CLANG_WARN_RANGE_LOOP_ANALYSIS = YES;
				CLANG_WARN_STRICT_PROTOTYPES = YES;
				CLANG_WARN_SUSPICIOUS_MOVE = YES;
				CLANG_WARN_UNGUARDED_AVAILABILITY = YES_AGGRESSIVE;
				CLANG_WARN_UNREACHABLE_CODE = YES;
				CLANG_WARN__DUPLICATE_METHOD_MATCH = YES;
				COPY_PHASE_STRIP = NO;
				DEBUG_INFORMATION_FORMAT = "dwarf-with-dsym";
				ENABLE_NS_ASSERTIONS = NO;
				ENABLE_STRICT_OBJC_MSGSEND = YES;
				GCC_C_LANGUAGE_STANDARD = gnu11;
				GCC_NO_COMMON_BLOCKS = YES;
				GCC_WARN_64_TO_32_BIT_CONVERSION = YES;
				GCC_WARN_ABOUT_RETURN_TYPE = YES_ERROR;
				GCC_WARN_UNDECLARED_SELECTOR = YES;
				GCC_WARN_UNINITIALIZED_AUTOS = YES_AGGRESSIVE;
				GCC_WARN_UNUSED_FUNCTION = YES;
				GCC_WARN_UNUSED_VARIABLE = YES;
				IPHONEOS_DEPLOYMENT_TARGET = 13.6;
				MTL_ENABLE_DEBUG_INFO = NO;
				MTL_FAST_MATH = YES;
				SDKROOT = iphoneos;
				SWIFT_COMPILATION_MODE = wholemodule;
				SWIFT_OPTIMIZATION_LEVEL = "-O";
				VALIDATE_PRODUCT = YES;
			};
			name = Release;
		};
		6569694224FEF32300898B5C /* Debug */ = {
			isa = XCBuildConfiguration;
			baseConfigurationReference = 417607ADEA34C2C8003001A8 /* Pods-FlixApp.debug.xcconfig */;
			buildSettings = {
				ASSETCATALOG_COMPILER_APPICON_NAME = AppIcon;
				CODE_SIGN_STYLE = Automatic;
				DEVELOPMENT_TEAM = 3UW3V542BU;
				INFOPLIST_FILE = FlixApp/Info.plist;
				LD_RUNPATH_SEARCH_PATHS = (
					"$(inherited)",
					"@executable_path/Frameworks",
				);
				PRODUCT_BUNDLE_IDENTIFIER = FlixApp.FlixApp;
				PRODUCT_NAME = "$(TARGET_NAME)";
				SWIFT_VERSION = 5.0;
				TARGETED_DEVICE_FAMILY = "1,2";
			};
			name = Debug;
		};
		6569694324FEF32300898B5C /* Release */ = {
			isa = XCBuildConfiguration;
			baseConfigurationReference = E104EABAA883CCD4454175F9 /* Pods-FlixApp.release.xcconfig */;
			buildSettings = {
				ASSETCATALOG_COMPILER_APPICON_NAME = AppIcon;
				CODE_SIGN_STYLE = Automatic;
				DEVELOPMENT_TEAM = 3UW3V542BU;
				INFOPLIST_FILE = FlixApp/Info.plist;
				LD_RUNPATH_SEARCH_PATHS = (
					"$(inherited)",
					"@executable_path/Frameworks",
				);
				PRODUCT_BUNDLE_IDENTIFIER = FlixApp.FlixApp;
				PRODUCT_NAME = "$(TARGET_NAME)";
				SWIFT_VERSION = 5.0;
				TARGETED_DEVICE_FAMILY = "1,2";
			};
			name = Release;
		};
		6569694524FEF32300898B5C /* Debug */ = {
			isa = XCBuildConfiguration;
			baseConfigurationReference = 182C5BC2FF0BC73109B811D7 /* Pods-FlixAppTests.debug.xcconfig */;
			buildSettings = {
				ALWAYS_EMBED_SWIFT_STANDARD_LIBRARIES = YES;
				BUNDLE_LOADER = "$(TEST_HOST)";
				CODE_SIGN_STYLE = Automatic;
				DEVELOPMENT_TEAM = 3UW3V542BU;
				INFOPLIST_FILE = FlixAppTests/Info.plist;
				IPHONEOS_DEPLOYMENT_TARGET = 13.6;
				LD_RUNPATH_SEARCH_PATHS = (
					"$(inherited)",
					"@executable_path/Frameworks",
					"@loader_path/Frameworks",
				);
				PRODUCT_BUNDLE_IDENTIFIER = FlixApp.FlixAppTests;
				PRODUCT_NAME = "$(TARGET_NAME)";
				SWIFT_VERSION = 5.0;
				TARGETED_DEVICE_FAMILY = "1,2";
				TEST_HOST = "$(BUILT_PRODUCTS_DIR)/FlixApp.app/FlixApp";
			};
			name = Debug;
		};
		6569694624FEF32300898B5C /* Release */ = {
			isa = XCBuildConfiguration;
			baseConfigurationReference = 80469A29BE703CD77438A452 /* Pods-FlixAppTests.release.xcconfig */;
			buildSettings = {
				ALWAYS_EMBED_SWIFT_STANDARD_LIBRARIES = YES;
				BUNDLE_LOADER = "$(TEST_HOST)";
				CODE_SIGN_STYLE = Automatic;
				DEVELOPMENT_TEAM = 3UW3V542BU;
				INFOPLIST_FILE = FlixAppTests/Info.plist;
				IPHONEOS_DEPLOYMENT_TARGET = 13.6;
				LD_RUNPATH_SEARCH_PATHS = (
					"$(inherited)",
					"@executable_path/Frameworks",
					"@loader_path/Frameworks",
				);
				PRODUCT_BUNDLE_IDENTIFIER = FlixApp.FlixAppTests;
				PRODUCT_NAME = "$(TARGET_NAME)";
				SWIFT_VERSION = 5.0;
				TARGETED_DEVICE_FAMILY = "1,2";
				TEST_HOST = "$(BUILT_PRODUCTS_DIR)/FlixApp.app/FlixApp";
			};
			name = Release;
		};
		6569694824FEF32300898B5C /* Debug */ = {
			isa = XCBuildConfiguration;
			baseConfigurationReference = 6248241008B6B768B9CB66BC /* Pods-FlixApp-FlixAppUITests.debug.xcconfig */;
			buildSettings = {
				ALWAYS_EMBED_SWIFT_STANDARD_LIBRARIES = YES;
				CODE_SIGN_STYLE = Automatic;
				DEVELOPMENT_TEAM = 3UW3V542BU;
				INFOPLIST_FILE = FlixAppUITests/Info.plist;
				LD_RUNPATH_SEARCH_PATHS = (
					"$(inherited)",
					"@executable_path/Frameworks",
					"@loader_path/Frameworks",
				);
				PRODUCT_BUNDLE_IDENTIFIER = FlixApp.FlixAppUITests;
				PRODUCT_NAME = "$(TARGET_NAME)";
				SWIFT_VERSION = 5.0;
				TARGETED_DEVICE_FAMILY = "1,2";
				TEST_TARGET_NAME = FlixApp;
			};
			name = Debug;
		};
		6569694924FEF32300898B5C /* Release */ = {
			isa = XCBuildConfiguration;
			baseConfigurationReference = 8E3ED82F535DFA982E3F5F0A /* Pods-FlixApp-FlixAppUITests.release.xcconfig */;
			buildSettings = {
				ALWAYS_EMBED_SWIFT_STANDARD_LIBRARIES = YES;
				CODE_SIGN_STYLE = Automatic;
				DEVELOPMENT_TEAM = 3UW3V542BU;
				INFOPLIST_FILE = FlixAppUITests/Info.plist;
				LD_RUNPATH_SEARCH_PATHS = (
					"$(inherited)",
					"@executable_path/Frameworks",
					"@loader_path/Frameworks",
				);
				PRODUCT_BUNDLE_IDENTIFIER = FlixApp.FlixAppUITests;
				PRODUCT_NAME = "$(TARGET_NAME)";
				SWIFT_VERSION = 5.0;
				TARGETED_DEVICE_FAMILY = "1,2";
				TEST_TARGET_NAME = FlixApp;
			};
			name = Release;
		};
/* End XCBuildConfiguration section */

/* Begin XCConfigurationList section */
		6569691224FEF31D00898B5C /* Build configuration list for PBXProject "FlixApp" */ = {
			isa = XCConfigurationList;
			buildConfigurations = (
				6569693F24FEF32300898B5C /* Debug */,
				6569694024FEF32300898B5C /* Release */,
			);
			defaultConfigurationIsVisible = 0;
			defaultConfigurationName = Release;
		};
		6569694124FEF32300898B5C /* Build configuration list for PBXNativeTarget "FlixApp" */ = {
			isa = XCConfigurationList;
			buildConfigurations = (
				6569694224FEF32300898B5C /* Debug */,
				6569694324FEF32300898B5C /* Release */,
			);
			defaultConfigurationIsVisible = 0;
			defaultConfigurationName = Release;
		};
		6569694424FEF32300898B5C /* Build configuration list for PBXNativeTarget "FlixAppTests" */ = {
			isa = XCConfigurationList;
			buildConfigurations = (
				6569694524FEF32300898B5C /* Debug */,
				6569694624FEF32300898B5C /* Release */,
			);
			defaultConfigurationIsVisible = 0;
			defaultConfigurationName = Release;
		};
		6569694724FEF32300898B5C /* Build configuration list for PBXNativeTarget "FlixAppUITests" */ = {
			isa = XCConfigurationList;
			buildConfigurations = (
				6569694824FEF32300898B5C /* Debug */,
				6569694924FEF32300898B5C /* Release */,
			);
			defaultConfigurationIsVisible = 0;
			defaultConfigurationName = Release;
		};
/* End XCConfigurationList section */
	};
	rootObject = 6569690F24FEF31D00898B5C /* Project object */;
}
